
Microsoft Visual Studio Solution File, Format Version 12.00
# Visual Studio Version 17
VisualStudioVersion = 17.8.34511.84
MinimumVisualStudioVersion = 10.0.40219.1
Project("{FAE04EC0-301F-11D3-BF4B-00C04F79EFBC}") = "RSACalculator", "RSACalculator\RSACalculator.csproj", "{7EA06638-0F27-4FCD-B3ED-05D1D1FB741D}"
EndProject
Global
	GlobalSection(SolutionConfigurationPlatforms) = preSolution
		Debug|Any CPU = Debug|Any CPU
		Release|Any CPU = Release|Any CPU
	EndGlobalSection
	GlobalSection(ProjectConfigurationPlatforms) = postSolution
		{7EA06638-0F27-4FCD-B3ED-05D1D1FB741D}.Debug|Any CPU.ActiveCfg = Debug|Any CPU
		{7EA06638-0F27-4FCD-B3ED-05D1D1FB741D}.Debug|Any CPU.Build.0 = Debug|Any CPU
		{7EA06638-0F27-4FCD-B3ED-05D1D1FB741D}.Release|Any CPU.ActiveCfg = Release|Any CPU
		{7EA06638-0F27-4FCD-B3ED-05D1D1FB741D}.Release|Any CPU.Build.0 = Release|Any CPU
	EndGlobalSection
	GlobalSection(SolutionProperties) = preSolution
		HideSolutionNode = FALSE
	EndGlobalSection
	GlobalSection(ExtensibilityGlobals) = postSolution
		SolutionGuid = {F8F42989-8A76-480E-B6DB-C5A07AE62738}
	EndGlobalSection
EndGlobal
